
Microsoft Visual Studio Solution File, Format Version 12.00
# Visual Studio Version 17
VisualStudioVersion = 17.1.32414.318
MinimumVisualStudioVersion = 10.0.40219.1
Project("{FAE04EC0-301F-11D3-BF4B-00C04F79EFBC}") = "PETproject", "PETproject\PETproject.csproj", "{81A1CC16-E2FE-444C-B64E-B2349DE82CEA}"
EndProject
Global
	GlobalSection(SolutionConfigurationPlatforms) = preSolution
		Debug|Any CPU = Debug|Any CPU
		Release|Any CPU = Release|Any CPU
	EndGlobalSection
	GlobalSection(ProjectConfigurationPlatforms) = postSolution
		{81A1CC16-E2FE-444C-B64E-B2349DE82CEA}.Debug|Any CPU.ActiveCfg = Debug|Any CPU
		{81A1CC16-E2FE-444C-B64E-B2349DE82CEA}.Debug|Any CPU.Build.0 = Debug|Any CPU
		{81A1CC16-E2FE-444C-B64E-B2349DE82CEA}.Release|Any CPU.ActiveCfg = Release|Any CPU
		{81A1CC16-E2FE-444C-B64E-B2349DE82CEA}.Release|Any CPU.Build.0 = Release|Any CPU
	EndGlobalSection
	GlobalSection(SolutionProperties) = preSolution
		HideSolutionNode = FALSE
	EndGlobalSection
	GlobalSection(ExtensibilityGlobals) = postSolution
		SolutionGuid = {F3EF3263-CA5D-443C-BAFE-2204F578AABE}
	EndGlobalSection
EndGlobal
